PODS:
  - HUPhotoBrowser (1.1.0)
  - SDWebImage (3.7.5):
    - SDWebImage/Core (= 3.7.5)
  - SDWebImage/Core (3.7.5)

DEPENDENCIES:
  - HUPhotoBrowser (from `../`)
  - SDWebImage

EXTERNAL SOURCES:
  HUPhotoBrowser:
    :path: ../

SPEC CHECKSUMS:
  HUPhotoBrowser: b4ed8689bba37f05b23e0c3f8b64fe4249f9ff8e
  SDWebImage: 69c6303e3348fba97e03f65d65d4fbc26740f461

COCOAPODS: 0.39.0
