PODS:
  - HUPhotoBrowser (1.2.4)
  - HUPhotoPicker (1.0.3)
  - SDWebImage (4.1.2):
    - SDWebImage/Core (= 4.1.2)
  - SDWebImage/Core (4.1.2)

DEPENDENCIES:
  - HUPhotoBrowser (from `../`)
  - HUPhotoPicker (~> 1.0.3)
  - SDWebImage

EXTERNAL SOURCES:
  HUPhotoBrowser:
    :path: ../

SPEC CHECKSUMS:
  HUPhotoBrowser: e16a4e47ce0beac9de92c5d977c6c5780af23955
  HUPhotoPicker: e5ec94c512b9628b76d6599006423f0a04d541cb
  SDWebImage: cb6f9f266a9977741efcbc21e618e8be3734c774

PODFILE CHECKSUM: e4e6cc855a091fd3213356476a9d01dcc4164c3f

COCOAPODS: 1.2.1
