// !$*UTF8*$!
{
	archiveVersion = 1;
	classes = {
	};
	objectVersion = 46;
	objects = {

/* Begin PBXBuildFile section */
		040622691C7E93D0005653C1 /* libHUPhotoBrowser.a in Frameworks */ = {isa = PBXBuildFile; fileRef = 0406225D1C7E93D0005653C1 /* libHUPhotoBrowser.a */; };
		040624741C7EEF60005653C1 /* HUPhotoBrowser.m in Sources */ = {isa = PBXBuildFile; fileRef = 040624711C7EEF60005653C1 /* HUPhotoBrowser.m */; };
		040624751C7EEF60005653C1 /* HUPhotoBrowserCell.m in Sources */ = {isa = PBXBuildFile; fileRef = 040624731C7EEF60005653C1 /* HUPhotoBrowserCell.m */; };
		044D06641CD35F41005BDFF2 /* HUAlbum.m in Sources */ = {isa = PBXBuildFile; fileRef = 044D06531CD35F41005BDFF2 /* HUAlbum.m */; };
		044D06651CD35F41005BDFF2 /* HUAlbumCell.m in Sources */ = {isa = PBXBuildFile; fileRef = 044D06551CD35F41005BDFF2 /* HUAlbumCell.m */; };
		044D06661CD35F41005BDFF2 /* HUAlbumsViewController.m in Sources */ = {isa = PBXBuildFile; fileRef = 044D06581CD35F41005BDFF2 /* HUAlbumsViewController.m */; };
		044D06671CD35F41005BDFF2 /* HUImagePickerCell.m in Sources */ = {isa = PBXBuildFile; fileRef = 044D065A1CD35F41005BDFF2 /* HUImagePickerCell.m */; };
		044D06681CD35F41005BDFF2 /* HUImagePickerRootViewController.m in Sources */ = {isa = PBXBuildFile; fileRef = 044D065D1CD35F41005BDFF2 /* HUImagePickerRootViewController.m */; };
		044D06691CD35F41005BDFF2 /* HUImagePickerViewController.m in Sources */ = {isa = PBXBuildFile; fileRef = 044D065F1CD35F41005BDFF2 /* HUImagePickerViewController.m */; };
		044D066A1CD35F41005BDFF2 /* HUPhotoHelper.m in Sources */ = {isa = PBXBuildFile; fileRef = 044D06611CD35F41005BDFF2 /* HUPhotoHelper.m */; };
		048D4E5A1CD05FB80042B958 /* HUWebImageDownloader.m in Sources */ = {isa = PBXBuildFile; fileRef = 048D4E531CD05FB80042B958 /* HUWebImageDownloader.m */; };
		048D4E5B1CD05FB80042B958 /* HUWebImageDownloadOperation.m in Sources */ = {isa = PBXBuildFile; fileRef = 048D4E551CD05FB80042B958 /* HUWebImageDownloadOperation.m */; };
		048D4E5C1CD05FB80042B958 /* UIImage+HUExtension.m in Sources */ = {isa = PBXBuildFile; fileRef = 048D4E571CD05FB80042B958 /* UIImage+HUExtension.m */; };
		048D4E5D1CD05FB80042B958 /* UIImageView+HUWebImage.m in Sources */ = {isa = PBXBuildFile; fileRef = 048D4E591CD05FB80042B958 /* UIImageView+HUWebImage.m */; };
/* End PBXBuildFile section */

/* Begin PBXContainerItemProxy section */
		0406226A1C7E93D0005653C1 /* PBXContainerItemProxy */ = {
			isa = PBXContainerItemProxy;
			containerPortal = 040622551C7E93D0005653C1 /* Project object */;
			proxyType = 1;
			remoteGlobalIDString = 0406225C1C7E93D0005653C1;
			remoteInfo = HUPhotoBrowser;
		};
/* End PBXContainerItemProxy section */

/* Begin PBXCopyFilesBuildPhase section */
		0406225B1C7E93D0005653C1 /* CopyFiles */ = {
			isa = PBXCopyFilesBuildPhase;
			buildActionMask = 2147483647;
			dstPath = "include/$(PRODUCT_NAME)";
			dstSubfolderSpec = 16;
			files = (
			);
			runOnlyForDeploymentPostprocessing = 0;
		};
/* End PBXCopyFilesBuildPhase section */

/* Begin PBXFileReference section */
		0406225D1C7E93D0005653C1 /* libHUPhotoBrowser.a */ = {isa = PBXFileReference; explicitFileType = archive.ar; includeInIndex = 0; path = libHUPhotoBrowser.a; sourceTree = BUILT_PRODUCTS_DIR; };
		040622681C7E93D0005653C1 /* HUPhotoBrowserTests.xctest */ = {isa = PBXFileReference; explicitFileType = wrapper.cfbundle; includeInIndex = 0; path = HUPhotoBrowserTests.xctest; sourceTree = BUILT_PRODUCTS_DIR; };
		0406226E1C7E93D0005653C1 /* Info.plist */ = {isa = PBXFileReference; lastKnownFileType = text.plist.xml; path = Info.plist; sourceTree = "<group>"; };
		040622AF1C7E94A6005653C1 /* hu_const.h */ = {isa = PBXFileReference; fileEncoding = 4; lastKnownFileType = sourcecode.c.h; path = hu_const.h; sourceTree = "<group>"; };
		040624701C7EEF60005653C1 /* HUPhotoBrowser.h */ = {isa = PBXFileReference; fileEncoding = 4; lastKnownFileType = sourcecode.c.h; path = HUPhotoBrowser.h; sourceTree = "<group>"; };
		040624711C7EEF60005653C1 /* HUPhotoBrowser.m */ = {isa = PBXFileReference; fileEncoding = 4; lastKnownFileType = sourcecode.c.objc; path = HUPhotoBrowser.m; sourceTree = "<group>"; };
		040624721C7EEF60005653C1 /* HUPhotoBrowserCell.h */ = {isa = PBXFileReference; fileEncoding = 4; lastKnownFileType = sourcecode.c.h; path = HUPhotoBrowserCell.h; sourceTree = "<group>"; };
		040624731C7EEF60005653C1 /* HUPhotoBrowserCell.m */ = {isa = PBXFileReference; fileEncoding = 4; lastKnownFileType = sourcecode.c.objc; path = HUPhotoBrowserCell.m; sourceTree = "<group>"; };
		044D06521CD35F41005BDFF2 /* HUAlbum.h */ = {isa = PBXFileReference; fileEncoding = 4; lastKnownFileType = sourcecode.c.h; path = HUAlbum.h; sourceTree = "<group>"; };
		044D06531CD35F41005BDFF2 /* HUAlbum.m */ = {isa = PBXFileReference; fileEncoding = 4; lastKnownFileType = sourcecode.c.objc; path = HUAlbum.m; sourceTree = "<group>"; };
		044D06541CD35F41005BDFF2 /* HUAlbumCell.h */ = {isa = PBXFileReference; fileEncoding = 4; lastKnownFileType = sourcecode.c.h; path = HUAlbumCell.h; sourceTree = "<group>"; };
		044D06551CD35F41005BDFF2 /* HUAlbumCell.m */ = {isa = PBXFileReference; fileEncoding = 4; lastKnownFileType = sourcecode.c.objc; path = HUAlbumCell.m; sourceTree = "<group>"; };
		044D06561CD35F41005BDFF2 /* HUAlbumCell.xib */ = {isa = PBXFileReference; fileEncoding = 4; lastKnownFileType = file.xib; path = HUAlbumCell.xib; sourceTree = "<group>"; };
		044D06571CD35F41005BDFF2 /* HUAlbumsViewController.h */ = {isa = PBXFileReference; fileEncoding = 4; lastKnownFileType = sourcecode.c.h; path = HUAlbumsViewController.h; sourceTree = "<group>"; };
		044D06581CD35F41005BDFF2 /* HUAlbumsViewController.m */ = {isa = PBXFileReference; fileEncoding = 4; lastKnownFileType = sourcecode.c.objc; path = HUAlbumsViewController.m; sourceTree = "<group>"; };
		044D06591CD35F41005BDFF2 /* HUImagePickerCell.h */ = {isa = PBXFileReference; fileEncoding = 4; lastKnownFileType = sourcecode.c.h; path = HUImagePickerCell.h; sourceTree = "<group>"; };
		044D065A1CD35F41005BDFF2 /* HUImagePickerCell.m */ = {isa = PBXFileReference; fileEncoding = 4; lastKnownFileType = sourcecode.c.objc; path = HUImagePickerCell.m; sourceTree = "<group>"; };
		044D065B1CD35F41005BDFF2 /* HUImagePickerCell.xib */ = {isa = PBXFileReference; fileEncoding = 4; lastKnownFileType = file.xib; path = HUImagePickerCell.xib; sourceTree = "<group>"; };
		044D065C1CD35F41005BDFF2 /* HUImagePickerRootViewController.h */ = {isa = PBXFileReference; fileEncoding = 4; lastKnownFileType = sourcecode.c.h; path = HUImagePickerRootViewController.h; sourceTree = "<group>"; };
		044D065D1CD35F41005BDFF2 /* HUImagePickerRootViewController.m */ = {isa = PBXFileReference; fileEncoding = 4; lastKnownFileType = sourcecode.c.objc; path = HUImagePickerRootViewController.m; sourceTree = "<group>"; };
		044D065E1CD35F41005BDFF2 /* HUImagePickerViewController.h */ = {isa = PBXFileReference; fileEncoding = 4; lastKnownFileType = sourcecode.c.h; path = HUImagePickerViewController.h; sourceTree = "<group>"; };
		044D065F1CD35F41005BDFF2 /* HUImagePickerViewController.m */ = {isa = PBXFileReference; fileEncoding = 4; lastKnownFileType = sourcecode.c.objc; path = HUImagePickerViewController.m; sourceTree = "<group>"; };
		044D06601CD35F41005BDFF2 /* HUPhotoHelper.h */ = {isa = PBXFileReference; fileEncoding = 4; lastKnownFileType = sourcecode.c.h; path = HUPhotoHelper.h; sourceTree = "<group>"; };
		044D06611CD35F41005BDFF2 /* HUPhotoHelper.m */ = {isa = PBXFileReference; fileEncoding = 4; lastKnownFileType = sourcecode.c.objc; path = HUPhotoHelper.m; sourceTree = "<group>"; };
		044D06621CD35F41005BDFF2 /* pick_checked@2x.png */ = {isa = PBXFileReference; lastKnownFileType = image.png; path = "pick_checked@2x.png"; sourceTree = "<group>"; };
		044D06631CD35F41005BDFF2 /* pick_checked@3x.png */ = {isa = PBXFileReference; lastKnownFileType = image.png; path = "pick_checked@3x.png"; sourceTree = "<group>"; };
		048D4E511CD05FB80042B958 /* HUWebImage.h */ = {isa = PBXFileReference; fileEncoding = 4; lastKnownFileType = sourcecode.c.h; path = HUWebImage.h; sourceTree = "<group>"; };
		048D4E521CD05FB80042B958 /* HUWebImageDownloader.h */ = {isa = PBXFileReference; fileEncoding = 4; lastKnownFileType = sourcecode.c.h; path = HUWebImageDownloader.h; sourceTree = "<group>"; };
		048D4E531CD05FB80042B958 /* HUWebImageDownloader.m */ = {isa = PBXFileReference; fileEncoding = 4; lastKnownFileType = sourcecode.c.objc; path = HUWebImageDownloader.m; sourceTree = "<group>"; };
		048D4E541CD05FB80042B958 /* HUWebImageDownloadOperation.h */ = {isa = PBXFileReference; fileEncoding = 4; lastKnownFileType = sourcecode.c.h; path = HUWebImageDownloadOperation.h; sourceTree = "<group>"; };
		048D4E551CD05FB80042B958 /* HUWebImageDownloadOperation.m */ = {isa = PBXFileReference; fileEncoding = 4; lastKnownFileType = sourcecode.c.objc; path = HUWebImageDownloadOperation.m; sourceTree = "<group>"; };
		048D4E561CD05FB80042B958 /* UIImage+HUExtension.h */ = {isa = PBXFileReference; fileEncoding = 4; lastKnownFileType = sourcecode.c.h; path = "UIImage+HUExtension.h"; sourceTree = "<group>"; };
		048D4E571CD05FB80042B958 /* UIImage+HUExtension.m */ = {isa = PBXFileReference; fileEncoding = 4; lastKnownFileType = sourcecode.c.objc; path = "UIImage+HUExtension.m"; sourceTree = "<group>"; };
		048D4E581CD05FB80042B958 /* UIImageView+HUWebImage.h */ = {isa = PBXFileReference; fileEncoding = 4; lastKnownFileType = sourcecode.c.h; path = "UIImageView+HUWebImage.h"; sourceTree = "<group>"; };
		048D4E591CD05FB80042B958 /* UIImageView+HUWebImage.m */ = {isa = PBXFileReference; fileEncoding = 4; lastKnownFileType = sourcecode.c.objc; path = "UIImageView+HUWebImage.m"; sourceTree = "<group>"; };
/* End PBXFileReference section */

/* Begin PBXFrameworksBuildPhase section */
		0406225A1C7E93D0005653C1 /* Frameworks */ = {
			isa = PBXFrameworksBuildPhase;
			buildActionMask = 2147483647;
			files = (
			);
			runOnlyForDeploymentPostprocessing = 0;
		};
		040622651C7E93D0005653C1 /* Frameworks */ = {
			isa = PBXFrameworksBuildPhase;
			buildActionMask = 2147483647;
			files = (
				040622691C7E93D0005653C1 /* libHUPhotoBrowser.a in Frameworks */,
			);
			runOnlyForDeploymentPostprocessing = 0;
		};
/* End PBXFrameworksBuildPhase section */

/* Begin PBXGroup section */
		040622541C7E93D0005653C1 = {
			isa = PBXGroup;
			children = (
				0406225F1C7E93D0005653C1 /* HUPhotoBrowser */,
				0406226C1C7E93D0005653C1 /* HUPhotoBrowserTests */,
				0406225E1C7E93D0005653C1 /* Products */,
			);
			sourceTree = "<group>";
		};
		0406225E1C7E93D0005653C1 /* Products */ = {
			isa = PBXGroup;
			children = (
				0406225D1C7E93D0005653C1 /* libHUPhotoBrowser.a */,
				040622681C7E93D0005653C1 /* HUPhotoBrowserTests.xctest */,
			);
			name = Products;
			sourceTree = "<group>";
		};
		0406225F1C7E93D0005653C1 /* HUPhotoBrowser */ = {
			isa = PBXGroup;
			children = (
				040624701C7EEF60005653C1 /* HUPhotoBrowser.h */,
				040624711C7EEF60005653C1 /* HUPhotoBrowser.m */,
				040624721C7EEF60005653C1 /* HUPhotoBrowserCell.h */,
				040624731C7EEF60005653C1 /* HUPhotoBrowserCell.m */,
				040622AF1C7E94A6005653C1 /* hu_const.h */,
				044D06511CD35F41005BDFF2 /* HUPhotoPicker */,
				048D4E501CD05FB80042B958 /* HUWebImageDownloader */,
			);
			path = HUPhotoBrowser;
			sourceTree = "<group>";
		};
		0406226C1C7E93D0005653C1 /* HUPhotoBrowserTests */ = {
			isa = PBXGroup;
			children = (
				0406226D1C7E93D0005653C1 /* Supporting Files */,
			);
			path = HUPhotoBrowserTests;
			sourceTree = "<group>";
		};
		0406226D1C7E93D0005653C1 /* Supporting Files */ = {
			isa = PBXGroup;
			children = (
				0406226E1C7E93D0005653C1 /* Info.plist */,
			);
			name = "Supporting Files";
			sourceTree = "<group>";
		};
		044D06511CD35F41005BDFF2 /* HUPhotoPicker */ = {
			isa = PBXGroup;
			children = (
				044D065E1CD35F41005BDFF2 /* HUImagePickerViewController.h */,
				044D065F1CD35F41005BDFF2 /* HUImagePickerViewController.m */,
				044D065C1CD35F41005BDFF2 /* HUImagePickerRootViewController.h */,
				044D065D1CD35F41005BDFF2 /* HUImagePickerRootViewController.m */,
				044D06571CD35F41005BDFF2 /* HUAlbumsViewController.h */,
				044D06581CD35F41005BDFF2 /* HUAlbumsViewController.m */,
				044D06541CD35F41005BDFF2 /* HUAlbumCell.h */,
				044D06551CD35F41005BDFF2 /* HUAlbumCell.m */,
				044D06561CD35F41005BDFF2 /* HUAlbumCell.xib */,
				044D06591CD35F41005BDFF2 /* HUImagePickerCell.h */,
				044D065A1CD35F41005BDFF2 /* HUImagePickerCell.m */,
				044D065B1CD35F41005BDFF2 /* HUImagePickerCell.xib */,
				044D06521CD35F41005BDFF2 /* HUAlbum.h */,
				044D06531CD35F41005BDFF2 /* HUAlbum.m */,
				044D06601CD35F41005BDFF2 /* HUPhotoHelper.h */,
				044D06611CD35F41005BDFF2 /* HUPhotoHelper.m */,
				044D06621CD35F41005BDFF2 /* pick_checked@2x.png */,
				044D06631CD35F41005BDFF2 /* pick_checked@3x.png */,
			);
			path = HUPhotoPicker;
			sourceTree = "<group>";
		};
		048D4E501CD05FB80042B958 /* HUWebImageDownloader */ = {
			isa = PBXGroup;
			children = (
				048D4E511CD05FB80042B958 /* HUWebImage.h */,
				048D4E521CD05FB80042B958 /* HUWebImageDownloader.h */,
				048D4E531CD05FB80042B958 /* HUWebImageDownloader.m */,
				048D4E541CD05FB80042B958 /* HUWebImageDownloadOperation.h */,
				048D4E551CD05FB80042B958 /* HUWebImageDownloadOperation.m */,
				048D4E561CD05FB80042B958 /* UIImage+HUExtension.h */,
				048D4E571CD05FB80042B958 /* UIImage+HUExtension.m */,
				048D4E581CD05FB80042B958 /* UIImageView+HUWebImage.h */,
				048D4E591CD05FB80042B958 /* UIImageView+HUWebImage.m */,
			);
			path = HUWebImageDownloader;
			sourceTree = "<group>";
		};
/* End PBXGroup section */

/* Begin PBXNativeTarget section */
		0406225C1C7E93D0005653C1 /* HUPhotoBrowser */ = {
			isa = PBXNativeTarget;
			buildConfigurationList = 040622711C7E93D0005653C1 /* Build configuration list for PBXNativeTarget "HUPhotoBrowser" */;
			buildPhases = (
				040622591C7E93D0005653C1 /* Sources */,
				0406225A1C7E93D0005653C1 /* Frameworks */,
				0406225B1C7E93D0005653C1 /* CopyFiles */,
			);
			buildRules = (
			);
			dependencies = (
			);
			name = HUPhotoBrowser;
			productName = HUPhotoBrowser;
			productReference = 0406225D1C7E93D0005653C1 /* libHUPhotoBrowser.a */;
			productType = "com.apple.product-type.library.static";
		};
		040622671C7E93D0005653C1 /* HUPhotoBrowserTests */ = {
			isa = PBXNativeTarget;
			buildConfigurationList = 040622741C7E93D0005653C1 /* Build configuration list for PBXNativeTarget "HUPhotoBrowserTests" */;
			buildPhases = (
				040622641C7E93D0005653C1 /* Sources */,
				040622651C7E93D0005653C1 /* Frameworks */,
				040622661C7E93D0005653C1 /* Resources */,
			);
			buildRules = (
			);
			dependencies = (
				0406226B1C7E93D0005653C1 /* PBXTargetDependency */,
			);
			name = HUPhotoBrowserTests;
			productName = HUPhotoBrowserTests;
			productReference = 040622681C7E93D0005653C1 /* HUPhotoBrowserTests.xctest */;
			productType = "com.apple.product-type.bundle.unit-test";
		};
/* End PBXNativeTarget section */

/* Begin PBXProject section */
		040622551C7E93D0005653C1 /* Project object */ = {
			isa = PBXProject;
			attributes = {
				LastUpgradeCheck = 0720;
				ORGANIZATIONNAME = hujewelz;
				TargetAttributes = {
					0406225C1C7E93D0005653C1 = {
						CreatedOnToolsVersion = 6.4;
					};
					040622671C7E93D0005653C1 = {
						CreatedOnToolsVersion = 6.4;
					};
				};
			};
			buildConfigurationList = 040622581C7E93D0005653C1 /* Build configuration list for PBXProject "HUPhotoBrowser" */;
			compatibilityVersion = "Xcode 3.2";
			developmentRegion = English;
			hasScannedForEncodings = 0;
			knownRegions = (
				en,
			);
			mainGroup = 040622541C7E93D0005653C1;
			productRefGroup = 0406225E1C7E93D0005653C1 /* Products */;
			projectDirPath = "";
			projectRoot = "";
			targets = (
				0406225C1C7E93D0005653C1 /* HUPhotoBrowser */,
				040622671C7E93D0005653C1 /* HUPhotoBrowserTests */,
			);
		};
/* End PBXProject section */

/* Begin PBXResourcesBuildPhase section */
		040622661C7E93D0005653C1 /* Resources */ = {
			isa = PBXResourcesBuildPhase;
			buildActionMask = 2147483647;
			files = (
			);
			runOnlyForDeploymentPostprocessing = 0;
		};
/* End PBXResourcesBuildPhase section */

/* Begin PBXSourcesBuildPhase section */
		040622591C7E93D0005653C1 /* Sources */ = {
			isa = PBXSourcesBuildPhase;
			buildActionMask = 2147483647;
			files = (
				044D06661CD35F41005BDFF2 /* HUAlbumsViewController.m in Sources */,
				044D066A1CD35F41005BDFF2 /* HUPhotoHelper.m in Sources */,
				040624741C7EEF60005653C1 /* HUPhotoBrowser.m in Sources */,
				048D4E5A1CD05FB80042B958 /* HUWebImageDownloader.m in Sources */,
				040624751C7EEF60005653C1 /* HUPhotoBrowserCell.m in Sources */,
				048D4E5B1CD05FB80042B958 /* HUWebImageDownloadOperation.m in Sources */,
				048D4E5D1CD05FB80042B958 /* UIImageView+HUWebImage.m in Sources */,
				044D06681CD35F41005BDFF2 /* HUImagePickerRootViewController.m in Sources */,
				044D06671CD35F41005BDFF2 /* HUImagePickerCell.m in Sources */,
				044D06641CD35F41005BDFF2 /* HUAlbum.m in Sources */,
				044D06691CD35F41005BDFF2 /* HUImagePickerViewController.m in Sources */,
				044D06651CD35F41005BDFF2 /* HUAlbumCell.m in Sources */,
				048D4E5C1CD05FB80042B958 /* UIImage+HUExtension.m in Sources */,
			);
			runOnlyForDeploymentPostprocessing = 0;
		};
		040622641C7E93D0005653C1 /* Sources */ = {
			isa = PBXSourcesBuildPhase;
			buildActionMask = 2147483647;
			files = (
			);
			runOnlyForDeploymentPostprocessing = 0;
		};
/* End PBXSourcesBuildPhase section */

/* Begin PBXTargetDependency section */
		0406226B1C7E93D0005653C1 /* PBXTargetDependency */ = {
			isa = PBXTargetDependency;
			target = 0406225C1C7E93D0005653C1 /* HUPhotoBrowser */;
			targetProxy = 0406226A1C7E93D0005653C1 /* PBXContainerItemProxy */;
		};
/* End PBXTargetDependency section */

/* Begin XCBuildConfiguration section */
		0406226F1C7E93D0005653C1 /* Debug */ = {
			isa = XCBuildConfiguration;
			buildSettings = {
				ALWAYS_SEARCH_USER_PATHS = NO;
				CLANG_CXX_LANGUAGE_STANDARD = "gnu++0x";
				CLANG_CXX_LIBRARY = "libc++";
				CLANG_ENABLE_MODULES = YES;
				CLANG_ENABLE_OBJC_ARC = YES;
				CLANG_WARN_BOOL_CONVERSION = YES;
				CLANG_WARN_CONSTANT_CONVERSION = YES;
				CLANG_WARN_DIRECT_OBJC_ISA_USAGE = YES_ERROR;
				CLANG_WARN_EMPTY_BODY = YES;
				CLANG_WARN_ENUM_CONVERSION = YES;
				CLANG_WARN_INT_CONVERSION = YES;
				CLANG_WARN_OBJC_ROOT_CLASS = YES_ERROR;
				CLANG_WARN_UNREACHABLE_CODE = YES;
				CLANG_WARN__DUPLICATE_METHOD_MATCH = YES;
				COPY_PHASE_STRIP = NO;
				DEBUG_INFORMATION_FORMAT = "dwarf-with-dsym";
				ENABLE_STRICT_OBJC_MSGSEND = YES;
				ENABLE_TESTABILITY = YES;
				GCC_C_LANGUAGE_STANDARD = gnu99;
				GCC_DYNAMIC_NO_PIC = NO;
				GCC_NO_COMMON_BLOCKS = YES;
				GCC_OPTIMIZATION_LEVEL = 0;
				GCC_PREPROCESSOR_DEFINITIONS = (
					"DEBUG=1",
					"$(inherited)",
				);
				GCC_SYMBOLS_PRIVATE_EXTERN = NO;
				GCC_WARN_64_TO_32_BIT_CONVERSION = YES;
				GCC_WARN_ABOUT_RETURN_TYPE = YES_ERROR;
				GCC_WARN_UNDECLARED_SELECTOR = YES;
				GCC_WARN_UNINITIALIZED_AUTOS = YES_AGGRESSIVE;
				GCC_WARN_UNUSED_FUNCTION = YES;
				GCC_WARN_UNUSED_VARIABLE = YES;
				IPHONEOS_DEPLOYMENT_TARGET = 7.0;
				MTL_ENABLE_DEBUG_INFO = YES;
				ONLY_ACTIVE_ARCH = YES;
				SDKROOT = iphoneos;
			};
			name = Debug;
		};
		040622701C7E93D0005653C1 /* Release */ = {
			isa = XCBuildConfiguration;
			buildSettings = {
				ALWAYS_SEARCH_USER_PATHS = NO;
				CLANG_CXX_LANGUAGE_STANDARD = "gnu++0x";
				CLANG_CXX_LIBRARY = "libc++";
				CLANG_ENABLE_MODULES = YES;
				CLANG_ENABLE_OBJC_ARC = YES;
				CLANG_WARN_BOOL_CONVERSION = YES;
				CLANG_WARN_CONSTANT_CONVERSION = YES;
				CLANG_WARN_DIRECT_OBJC_ISA_USAGE = YES_ERROR;
				CLANG_WARN_EMPTY_BODY = YES;
				CLANG_WARN_ENUM_CONVERSION = YES;
				CLANG_WARN_INT_CONVERSION = YES;
				CLANG_WARN_OBJC_ROOT_CLASS = YES_ERROR;
				CLANG_WARN_UNREACHABLE_CODE = YES;
				CLANG_WARN__DUPLICATE_METHOD_MATCH = YES;
				COPY_PHASE_STRIP = NO;
				DEBUG_INFORMATION_FORMAT = "dwarf-with-dsym";
				ENABLE_NS_ASSERTIONS = NO;
				ENABLE_STRICT_OBJC_MSGSEND = YES;
				GCC_C_LANGUAGE_STANDARD = gnu99;
				GCC_NO_COMMON_BLOCKS = YES;
				GCC_WARN_64_TO_32_BIT_CONVERSION = YES;
				GCC_WARN_ABOUT_RETURN_TYPE = YES_ERROR;
				GCC_WARN_UNDECLARED_SELECTOR = YES;
				GCC_WARN_UNINITIALIZED_AUTOS = YES_AGGRESSIVE;
				GCC_WARN_UNUSED_FUNCTION = YES;
				GCC_WARN_UNUSED_VARIABLE = YES;
				IPHONEOS_DEPLOYMENT_TARGET = 7.0;
				MTL_ENABLE_DEBUG_INFO = NO;
				SDKROOT = iphoneos;
				VALIDATE_PRODUCT = YES;
			};
			name = Release;
		};
		040622721C7E93D0005653C1 /* Debug */ = {
			isa = XCBuildConfiguration;
			buildSettings = {
				OTHER_LDFLAGS = "-ObjC";
				PRODUCT_NAME = "$(TARGET_NAME)";
				SKIP_INSTALL = YES;
			};
			name = Debug;
		};
		040622731C7E93D0005653C1 /* Release */ = {
			isa = XCBuildConfiguration;
			buildSettings = {
				OTHER_LDFLAGS = "-ObjC";
				PRODUCT_NAME = "$(TARGET_NAME)";
				SKIP_INSTALL = YES;
			};
			name = Release;
		};
		040622751C7E93D0005653C1 /* Debug */ = {
			isa = XCBuildConfiguration;
			buildSettings = {
				"CODE_SIGN_IDENTITY[sdk=iphoneos*]" = "iPhone Developer";
				FRAMEWORK_SEARCH_PATHS = (
					"$(SDKROOT)/Developer/Library/Frameworks",
					"$(inherited)",
				);
				GCC_PREPROCESSOR_DEFINITIONS = (
					"DEBUG=1",
					"$(inherited)",
				);
				INFOPLIST_FILE = HUPhotoBrowserTests/Info.plist;
				LD_RUNPATH_SEARCH_PATHS = "$(inherited) @executable_path/Frameworks @loader_path/Frameworks";
				PRODUCT_BUNDLE_IDENTIFIER = "com.hujewelz.$(PRODUCT_NAME:rfc1034identifier)";
				PRODUCT_NAME = "$(TARGET_NAME)";
			};
			name = Debug;
		};
		040622761C7E93D0005653C1 /* Release */ = {
			isa = XCBuildConfiguration;
			buildSettings = {
				"CODE_SIGN_IDENTITY[sdk=iphoneos*]" = "iPhone Developer";
				FRAMEWORK_SEARCH_PATHS = (
					"$(SDKROOT)/Developer/Library/Frameworks",
					"$(inherited)",
				);
				INFOPLIST_FILE = HUPhotoBrowserTests/Info.plist;
				LD_RUNPATH_SEARCH_PATHS = "$(inherited) @executable_path/Frameworks @loader_path/Frameworks";
				PRODUCT_BUNDLE_IDENTIFIER = "com.hujewelz.$(PRODUCT_NAME:rfc1034identifier)";
				PRODUCT_NAME = "$(TARGET_NAME)";
			};
			name = Release;
		};
/* End XCBuildConfiguration section */

/* Begin XCConfigurationList section */
		040622581C7E93D0005653C1 /* Build configuration list for PBXProject "HUPhotoBrowser" */ = {
			isa = XCConfigurationList;
			buildConfigurations = (
				0406226F1C7E93D0005653C1 /* Debug */,
				040622701C7E93D0005653C1 /* Release */,
			);
			defaultConfigurationIsVisible = 0;
			defaultConfigurationName = Release;
		};
		040622711C7E93D0005653C1 /* Build configuration list for PBXNativeTarget "HUPhotoBrowser" */ = {
			isa = XCConfigurationList;
			buildConfigurations = (
				040622721C7E93D0005653C1 /* Debug */,
				040622731C7E93D0005653C1 /* Release */,
			);
			defaultConfigurationIsVisible = 0;
			defaultConfigurationName = Release;
		};
		040622741C7E93D0005653C1 /* Build configuration list for PBXNativeTarget "HUPhotoBrowserTests" */ = {
			isa = XCConfigurationList;
			buildConfigurations = (
				040622751C7E93D0005653C1 /* Debug */,
				040622761C7E93D0005653C1 /* Release */,
			);
			defaultConfigurationIsVisible = 0;
			defaultConfigurationName = Release;
		};
/* End XCConfigurationList section */
	};
	rootObject = 040622551C7E93D0005653C1 /* Project object */;
}
