// !$*UTF8*$!
{
	archiveVersion = 1;
	classes = {
	};
	objectVersion = 46;
	objects = {

/* Begin PBXBuildFile section */
		040623A31C7E9989005653C1 /* main.m in Sources */ = {isa = PBXBuildFile; fileRef = 040623A21C7E9989005653C1 /* main.m */; };
		040623A61C7E9989005653C1 /* AppDelegate.m in Sources */ = {isa = PBXBuildFile; fileRef = 040623A51C7E9989005653C1 /* AppDelegate.m */; };
		040623A91C7E9989005653C1 /* ViewController.m in Sources */ = {isa = PBXBuildFile; fileRef = 040623A81C7E9989005653C1 /* ViewController.m */; };
		040623AC1C7E9989005653C1 /* Main.storyboard in Resources */ = {isa = PBXBuildFile; fileRef = 040623AA1C7E9989005653C1 /* Main.storyboard */; };
		040623AE1C7E9989005653C1 /* Images.xcassets in Resources */ = {isa = PBXBuildFile; fileRef = 040623AD1C7E9989005653C1 /* Images.xcassets */; };
		040623B11C7E9989005653C1 /* LaunchScreen.xib in Resources */ = {isa = PBXBuildFile; fileRef = 040623AF1C7E9989005653C1 /* LaunchScreen.xib */; };
		040623BD1C7E9989005653C1 /* HUPhotoBrowser_DemoTests.m in Sources */ = {isa = PBXBuildFile; fileRef = 040623BC1C7E9989005653C1 /* HUPhotoBrowser_DemoTests.m */; };
		040624021C7E9BB6005653C1 /* PhotoCell.m in Sources */ = {isa = PBXBuildFile; fileRef = 040624011C7E9BB6005653C1 /* PhotoCell.m */; };
		044D06501CD34623005BDFF2 /* placeholder.png in Resources */ = {isa = PBXBuildFile; fileRef = 044D064F1CD34623005BDFF2 /* placeholder.png */; };
		BAE6B9A9C28D8D7FBAFBD61F /* libPods-HUPhotoBrowser DemoTests.a in Frameworks */ = {isa = PBXBuildFile; fileRef = FB702EF6466173C9049EA4E3 /* libPods-HUPhotoBrowser DemoTests.a */; };
		F5D16FEE5AB714F5360AD713 /* libPods-HUPhotoBrowser Demo.a in Frameworks */ = {isa = PBXBuildFile; fileRef = 0B3405AA6738D3B753050B7C /* libPods-HUPhotoBrowser Demo.a */; };
/* End PBXBuildFile section */

/* Begin PBXContainerItemProxy section */
		040623B71C7E9989005653C1 /* PBXContainerItemProxy */ = {
			isa = PBXContainerItemProxy;
			containerPortal = 040623951C7E9989005653C1 /* Project object */;
			proxyType = 1;
			remoteGlobalIDString = 0406239C1C7E9989005653C1;
			remoteInfo = "HUPhotoBrowser Demo";
		};
/* End PBXContainerItemProxy section */

/* Begin PBXFileReference section */
		0406239D1C7E9989005653C1 /* HUPhotoBrowser Demo.app */ = {isa = PBXFileReference; explicitFileType = wrapper.application; includeInIndex = 0; path = "HUPhotoBrowser Demo.app"; sourceTree = BUILT_PRODUCTS_DIR; };
		040623A11C7E9989005653C1 /* Info.plist */ = {isa = PBXFileReference; lastKnownFileType = text.plist.xml; path = Info.plist; sourceTree = "<group>"; };
		040623A21C7E9989005653C1 /* main.m */ = {isa = PBXFileReference; lastKnownFileType = sourcecode.c.objc; path = main.m; sourceTree = "<group>"; };
		040623A41C7E9989005653C1 /* AppDelegate.h */ = {isa = PBXFileReference; lastKnownFileType = sourcecode.c.h; path = AppDelegate.h; sourceTree = "<group>"; };
		040623A51C7E9989005653C1 /* AppDelegate.m */ = {isa = PBXFileReference; lastKnownFileType = sourcecode.c.objc; path = AppDelegate.m; sourceTree = "<group>"; };
		040623A71C7E9989005653C1 /* ViewController.h */ = {isa = PBXFileReference; lastKnownFileType = sourcecode.c.h; path = ViewController.h; sourceTree = "<group>"; };
		040623A81C7E9989005653C1 /* ViewController.m */ = {isa = PBXFileReference; lastKnownFileType = sourcecode.c.objc; path = ViewController.m; sourceTree = "<group>"; };
		040623AB1C7E9989005653C1 /* Base */ = {isa = PBXFileReference; lastKnownFileType = file.storyboard; name = Base; path = Base.lproj/Main.storyboard; sourceTree = "<group>"; };
		040623AD1C7E9989005653C1 /* Images.xcassets */ = {isa = PBXFileReference; lastKnownFileType = folder.assetcatalog; path = Images.xcassets; sourceTree = "<group>"; };
		040623B01C7E9989005653C1 /* Base */ = {isa = PBXFileReference; lastKnownFileType = file.xib; name = Base; path = Base.lproj/LaunchScreen.xib; sourceTree = "<group>"; };
		040623B61C7E9989005653C1 /* HUPhotoBrowser DemoTests.xctest */ = {isa = PBXFileReference; explicitFileType = wrapper.cfbundle; includeInIndex = 0; path = "HUPhotoBrowser DemoTests.xctest"; sourceTree = BUILT_PRODUCTS_DIR; };
		040623BB1C7E9989005653C1 /* Info.plist */ = {isa = PBXFileReference; lastKnownFileType = text.plist.xml; path = Info.plist; sourceTree = "<group>"; };
		040623BC1C7E9989005653C1 /* HUPhotoBrowser_DemoTests.m */ = {isa = PBXFileReference; lastKnownFileType = sourcecode.c.objc; path = HUPhotoBrowser_DemoTests.m; sourceTree = "<group>"; };
		040624001C7E9BB6005653C1 /* PhotoCell.h */ = {isa = PBXFileReference; fileEncoding = 4; lastKnownFileType = sourcecode.c.h; path = PhotoCell.h; sourceTree = "<group>"; };
		040624011C7E9BB6005653C1 /* PhotoCell.m */ = {isa = PBXFileReference; fileEncoding = 4; lastKnownFileType = sourcecode.c.objc; path = PhotoCell.m; sourceTree = "<group>"; };
		044D064F1CD34623005BDFF2 /* placeholder.png */ = {isa = PBXFileReference; lastKnownFileType = image.png; path = placeholder.png; sourceTree = "<group>"; };
		0B3405AA6738D3B753050B7C /* libPods-HUPhotoBrowser Demo.a */ = {isa = PBXFileReference; explicitFileType = archive.ar; includeInIndex = 0; path = "libPods-HUPhotoBrowser Demo.a"; sourceTree = BUILT_PRODUCTS_DIR; };
		3F903672B8A30024BEB85314 /* Pods-HUPhotoBrowser Demo.release.xcconfig */ = {isa = PBXFileReference; includeInIndex = 1; lastKnownFileType = text.xcconfig; name = "Pods-HUPhotoBrowser Demo.release.xcconfig"; path = "Pods/Target Support Files/Pods-HUPhotoBrowser Demo/Pods-HUPhotoBrowser Demo.release.xcconfig"; sourceTree = "<group>"; };
		5E779CEE89A1CB6936C03263 /* Pods-HUPhotoBrowser Demo.debug.xcconfig */ = {isa = PBXFileReference; includeInIndex = 1; lastKnownFileType = text.xcconfig; name = "Pods-HUPhotoBrowser Demo.debug.xcconfig"; path = "Pods/Target Support Files/Pods-HUPhotoBrowser Demo/Pods-HUPhotoBrowser Demo.debug.xcconfig"; sourceTree = "<group>"; };
		E46B2F0916D241B35A9BD18C /* Pods-HUPhotoBrowser DemoTests.release.xcconfig */ = {isa = PBXFileReference; includeInIndex = 1; lastKnownFileType = text.xcconfig; name = "Pods-HUPhotoBrowser DemoTests.release.xcconfig"; path = "Pods/Target Support Files/Pods-HUPhotoBrowser DemoTests/Pods-HUPhotoBrowser DemoTests.release.xcconfig"; sourceTree = "<group>"; };
		F1491B717433294000E08563 /* Pods-HUPhotoBrowser DemoTests.debug.xcconfig */ = {isa = PBXFileReference; includeInIndex = 1; lastKnownFileType = text.xcconfig; name = "Pods-HUPhotoBrowser DemoTests.debug.xcconfig"; path = "Pods/Target Support Files/Pods-HUPhotoBrowser DemoTests/Pods-HUPhotoBrowser DemoTests.debug.xcconfig"; sourceTree = "<group>"; };
		FB702EF6466173C9049EA4E3 /* libPods-HUPhotoBrowser DemoTests.a */ = {isa = PBXFileReference; explicitFileType = archive.ar; includeInIndex = 0; path = "libPods-HUPhotoBrowser DemoTests.a"; sourceTree = BUILT_PRODUCTS_DIR; };
/* End PBXFileReference section */

/* Begin PBXFrameworksBuildPhase section */
		0406239A1C7E9989005653C1 /* Frameworks */ = {
			isa = PBXFrameworksBuildPhase;
			buildActionMask = 2147483647;
			files = (
				F5D16FEE5AB714F5360AD713 /* libPods-HUPhotoBrowser Demo.a in Frameworks */,
			);
			runOnlyForDeploymentPostprocessing = 0;
		};
		040623B31C7E9989005653C1 /* Frameworks */ = {
			isa = PBXFrameworksBuildPhase;
			buildActionMask = 2147483647;
			files = (
				BAE6B9A9C28D8D7FBAFBD61F /* libPods-HUPhotoBrowser DemoTests.a in Frameworks */,
			);
			runOnlyForDeploymentPostprocessing = 0;
		};
/* End PBXFrameworksBuildPhase section */

/* Begin PBXGroup section */
		040623941C7E9989005653C1 = {
			isa = PBXGroup;
			children = (
				0406239F1C7E9989005653C1 /* HUPhotoBrowser Demo */,
				040623B91C7E9989005653C1 /* HUPhotoBrowser DemoTests */,
				0406239E1C7E9989005653C1 /* Products */,
				AFAAEBF96020AD44718B49B4 /* Pods */,
				FAC6D30897335D2BCBFDD90B /* Frameworks */,
			);
			sourceTree = "<group>";
		};
		0406239E1C7E9989005653C1 /* Products */ = {
			isa = PBXGroup;
			children = (
				0406239D1C7E9989005653C1 /* HUPhotoBrowser Demo.app */,
				040623B61C7E9989005653C1 /* HUPhotoBrowser DemoTests.xctest */,
			);
			name = Products;
			sourceTree = "<group>";
		};
		0406239F1C7E9989005653C1 /* HUPhotoBrowser Demo */ = {
			isa = PBXGroup;
			children = (
				040623A41C7E9989005653C1 /* AppDelegate.h */,
				040623A51C7E9989005653C1 /* AppDelegate.m */,
				040623A71C7E9989005653C1 /* ViewController.h */,
				040623A81C7E9989005653C1 /* ViewController.m */,
				040624001C7E9BB6005653C1 /* PhotoCell.h */,
				040624011C7E9BB6005653C1 /* PhotoCell.m */,
				040623AA1C7E9989005653C1 /* Main.storyboard */,
				040623AD1C7E9989005653C1 /* Images.xcassets */,
				040623AF1C7E9989005653C1 /* LaunchScreen.xib */,
				040623A01C7E9989005653C1 /* Supporting Files */,
			);
			path = "HUPhotoBrowser Demo";
			sourceTree = "<group>";
		};
		040623A01C7E9989005653C1 /* Supporting Files */ = {
			isa = PBXGroup;
			children = (
				044D064F1CD34623005BDFF2 /* placeholder.png */,
				040623A11C7E9989005653C1 /* Info.plist */,
				040623A21C7E9989005653C1 /* main.m */,
			);
			name = "Supporting Files";
			sourceTree = "<group>";
		};
		040623B91C7E9989005653C1 /* HUPhotoBrowser DemoTests */ = {
			isa = PBXGroup;
			children = (
				040623BC1C7E9989005653C1 /* HUPhotoBrowser_DemoTests.m */,
				040623BA1C7E9989005653C1 /* Supporting Files */,
			);
			path = "HUPhotoBrowser DemoTests";
			sourceTree = "<group>";
		};
		040623BA1C7E9989005653C1 /* Supporting Files */ = {
			isa = PBXGroup;
			children = (
				040623BB1C7E9989005653C1 /* Info.plist */,
			);
			name = "Supporting Files";
			sourceTree = "<group>";
		};
		AFAAEBF96020AD44718B49B4 /* Pods */ = {
			isa = PBXGroup;
			children = (
				5E779CEE89A1CB6936C03263 /* Pods-HUPhotoBrowser Demo.debug.xcconfig */,
				3F903672B8A30024BEB85314 /* Pods-HUPhotoBrowser Demo.release.xcconfig */,
				F1491B717433294000E08563 /* Pods-HUPhotoBrowser DemoTests.debug.xcconfig */,
				E46B2F0916D241B35A9BD18C /* Pods-HUPhotoBrowser DemoTests.release.xcconfig */,
			);
			name = Pods;
			sourceTree = "<group>";
		};
		FAC6D30897335D2BCBFDD90B /* Frameworks */ = {
			isa = PBXGroup;
			children = (
				0B3405AA6738D3B753050B7C /* libPods-HUPhotoBrowser Demo.a */,
				FB702EF6466173C9049EA4E3 /* libPods-HUPhotoBrowser DemoTests.a */,
			);
			name = Frameworks;
			sourceTree = "<group>";
		};
/* End PBXGroup section */

/* Begin PBXNativeTarget section */
		0406239C1C7E9989005653C1 /* HUPhotoBrowser Demo */ = {
			isa = PBXNativeTarget;
			buildConfigurationList = 040623C01C7E9989005653C1 /* Build configuration list for PBXNativeTarget "HUPhotoBrowser Demo" */;
			buildPhases = (
				A962A2954A15437EEDEDD01C /* [CP] Check Pods Manifest.lock */,
				040623991C7E9989005653C1 /* Sources */,
				0406239A1C7E9989005653C1 /* Frameworks */,
				0406239B1C7E9989005653C1 /* Resources */,
				B0E9B81CB19068F4E9174942 /* [CP] Embed Pods Frameworks */,
				97981A438D22C17C60DAD2EE /* [CP] Copy Pods Resources */,
			);
			buildRules = (
			);
			dependencies = (
			);
			name = "HUPhotoBrowser Demo";
			productName = "HUPhotoBrowser Demo";
			productReference = 0406239D1C7E9989005653C1 /* HUPhotoBrowser Demo.app */;
			productType = "com.apple.product-type.application";
		};
		040623B51C7E9989005653C1 /* HUPhotoBrowser DemoTests */ = {
			isa = PBXNativeTarget;
			buildConfigurationList = 040623C31C7E9989005653C1 /* Build configuration list for PBXNativeTarget "HUPhotoBrowser DemoTests" */;
			buildPhases = (
				E0F2C44E94EA75AA6F5357CA /* [CP] Check Pods Manifest.lock */,
				040623B21C7E9989005653C1 /* Sources */,
				040623B31C7E9989005653C1 /* Frameworks */,
				040623B41C7E9989005653C1 /* Resources */,
				65F7F3B05B67ECD82A8D70B0 /* [CP] Embed Pods Frameworks */,
				4267A09C64DAB8DB54D72BE0 /* [CP] Copy Pods Resources */,
			);
			buildRules = (
			);
			dependencies = (
				040623B81C7E9989005653C1 /* PBXTargetDependency */,
			);
			name = "HUPhotoBrowser DemoTests";
			productName = "HUPhotoBrowser DemoTests";
			productReference = 040623B61C7E9989005653C1 /* HUPhotoBrowser DemoTests.xctest */;
			productType = "com.apple.product-type.bundle.unit-test";
		};
/* End PBXNativeTarget section */

/* Begin PBXProject section */
		040623951C7E9989005653C1 /* Project object */ = {
			isa = PBXProject;
			attributes = {
				LastUpgradeCheck = 0730;
				ORGANIZATIONNAME = hujewelz;
				TargetAttributes = {
					0406239C1C7E9989005653C1 = {
						CreatedOnToolsVersion = 6.4;
					};
					040623B51C7E9989005653C1 = {
						CreatedOnToolsVersion = 6.4;
						TestTargetID = 0406239C1C7E9989005653C1;
					};
				};
			};
			buildConfigurationList = 040623981C7E9989005653C1 /* Build configuration list for PBXProject "HUPhotoBrowser Demo" */;
			compatibilityVersion = "Xcode 3.2";
			developmentRegion = English;
			hasScannedForEncodings = 0;
			knownRegions = (
				en,
				Base,
			);
			mainGroup = 040623941C7E9989005653C1;
			productRefGroup = 0406239E1C7E9989005653C1 /* Products */;
			projectDirPath = "";
			projectRoot = "";
			targets = (
				0406239C1C7E9989005653C1 /* HUPhotoBrowser Demo */,
				040623B51C7E9989005653C1 /* HUPhotoBrowser DemoTests */,
			);
		};
/* End PBXProject section */

/* Begin PBXResourcesBuildPhase section */
		0406239B1C7E9989005653C1 /* Resources */ = {
			isa = PBXResourcesBuildPhase;
			buildActionMask = 2147483647;
			files = (
				044D06501CD34623005BDFF2 /* placeholder.png in Resources */,
				040623AC1C7E9989005653C1 /* Main.storyboard in Resources */,
				040623B11C7E9989005653C1 /* LaunchScreen.xib in Resources */,
				040623AE1C7E9989005653C1 /* Images.xcassets in Resources */,
			);
			runOnlyForDeploymentPostprocessing = 0;
		};
		040623B41C7E9989005653C1 /* Resources */ = {
			isa = PBXResourcesBuildPhase;
			buildActionMask = 2147483647;
			files = (
			);
			runOnlyForDeploymentPostprocessing = 0;
		};
/* End PBXResourcesBuildPhase section */

/* Begin PBXShellScriptBuildPhase section */
		4267A09C64DAB8DB54D72BE0 /* [CP] Copy Pods Resources */ = {
			isa = PBXShellScriptBuildPhase;
			buildActionMask = 2147483647;
			files = (
			);
			inputPaths = (
			);
			name = "[CP] Copy Pods Resources";
			outputPaths = (
			);
			runOnlyForDeploymentPostprocessing = 0;
			shellPath = /bin/sh;
			shellScript = "\"${SRCROOT}/Pods/Target Support Files/Pods-HUPhotoBrowser DemoTests/Pods-HUPhotoBrowser DemoTests-resources.sh\"\n";
			showEnvVarsInLog = 0;
		};
		65F7F3B05B67ECD82A8D70B0 /* [CP] Embed Pods Frameworks */ = {
			isa = PBXShellScriptBuildPhase;
			buildActionMask = 2147483647;
			files = (
			);
			inputPaths = (
			);
			name = "[CP] Embed Pods Frameworks";
			outputPaths = (
			);
			runOnlyForDeploymentPostprocessing = 0;
			shellPath = /bin/sh;
			shellScript = "\"${SRCROOT}/Pods/Target Support Files/Pods-HUPhotoBrowser DemoTests/Pods-HUPhotoBrowser DemoTests-frameworks.sh\"\n";
			showEnvVarsInLog = 0;
		};
		97981A438D22C17C60DAD2EE /* [CP] Copy Pods Resources */ = {
			isa = PBXShellScriptBuildPhase;
			buildActionMask = 2147483647;
			files = (
			);
			inputPaths = (
			);
			name = "[CP] Copy Pods Resources";
			outputPaths = (
			);
			runOnlyForDeploymentPostprocessing = 0;
			shellPath = /bin/sh;
			shellScript = "\"${SRCROOT}/Pods/Target Support Files/Pods-HUPhotoBrowser Demo/Pods-HUPhotoBrowser Demo-resources.sh\"\n";
			showEnvVarsInLog = 0;
		};
		A962A2954A15437EEDEDD01C /* [CP] Check Pods Manifest.lock */ = {
			isa = PBXShellScriptBuildPhase;
			buildActionMask = 2147483647;
			files = (
			);
			inputPaths = (
			);
			name = "[CP] Check Pods Manifest.lock";
			outputPaths = (
			);
			runOnlyForDeploymentPostprocessing = 0;
			shellPath = /bin/sh;
			shellScript = "diff \"${PODS_PODFILE_DIR_PATH}/Podfile.lock\" \"${PODS_ROOT}/Manifest.lock\" > /dev/null\nif [ $? != 0 ] ; then\n    # print error to STDERR\n    echo \"error: The sandbox is not in sync with the Podfile.lock. Run 'pod install' or update your CocoaPods installation.\" >&2\n    exit 1\nfi\n";
			showEnvVarsInLog = 0;
		};
		B0E9B81CB19068F4E9174942 /* [CP] Embed Pods Frameworks */ = {
			isa = PBXShellScriptBuildPhase;
			buildActionMask = 2147483647;
			files = (
			);
			inputPaths = (
			);
			name = "[CP] Embed Pods Frameworks";
			outputPaths = (
			);
			runOnlyForDeploymentPostprocessing = 0;
			shellPath = /bin/sh;
			shellScript = "\"${SRCROOT}/Pods/Target Support Files/Pods-HUPhotoBrowser Demo/Pods-HUPhotoBrowser Demo-frameworks.sh\"\n";
			showEnvVarsInLog = 0;
		};
		E0F2C44E94EA75AA6F5357CA /* [CP] Check Pods Manifest.lock */ = {
			isa = PBXShellScriptBuildPhase;
			buildActionMask = 2147483647;
			files = (
			);
			inputPaths = (
			);
			name = "[CP] Check Pods Manifest.lock";
			outputPaths = (
			);
			runOnlyForDeploymentPostprocessing = 0;
			shellPath = /bin/sh;
			shellScript = "diff \"${PODS_PODFILE_DIR_PATH}/Podfile.lock\" \"${PODS_ROOT}/Manifest.lock\" > /dev/null\nif [ $? != 0 ] ; then\n    # print error to STDERR\n    echo \"error: The sandbox is not in sync with the Podfile.lock. Run 'pod install' or update your CocoaPods installation.\" >&2\n    exit 1\nfi\n";
			showEnvVarsInLog = 0;
		};
/* End PBXShellScriptBuildPhase section */

/* Begin PBXSourcesBuildPhase section */
		040623991C7E9989005653C1 /* Sources */ = {
			isa = PBXSourcesBuildPhase;
			buildActionMask = 2147483647;
			files = (
				040624021C7E9BB6005653C1 /* PhotoCell.m in Sources */,
				040623A91C7E9989005653C1 /* ViewController.m in Sources */,
				040623A61C7E9989005653C1 /* AppDelegate.m in Sources */,
				040623A31C7E9989005653C1 /* main.m in Sources */,
			);
			runOnlyForDeploymentPostprocessing = 0;
		};
		040623B21C7E9989005653C1 /* Sources */ = {
			isa = PBXSourcesBuildPhase;
			buildActionMask = 2147483647;
			files = (
				040623BD1C7E9989005653C1 /* HUPhotoBrowser_DemoTests.m in Sources */,
			);
			runOnlyForDeploymentPostprocessing = 0;
		};
/* End PBXSourcesBuildPhase section */

/* Begin PBXTargetDependency section */
		040623B81C7E9989005653C1 /* PBXTargetDependency */ = {
			isa = PBXTargetDependency;
			target = 0406239C1C7E9989005653C1 /* HUPhotoBrowser Demo */;
			targetProxy = 040623B71C7E9989005653C1 /* PBXContainerItemProxy */;
		};
/* End PBXTargetDependency section */

/* Begin PBXVariantGroup section */
		040623AA1C7E9989005653C1 /* Main.storyboard */ = {
			isa = PBXVariantGroup;
			children = (
				040623AB1C7E9989005653C1 /* Base */,
			);
			name = Main.storyboard;
			sourceTree = "<group>";
		};
		040623AF1C7E9989005653C1 /* LaunchScreen.xib */ = {
			isa = PBXVariantGroup;
			children = (
				040623B01C7E9989005653C1 /* Base */,
			);
			name = LaunchScreen.xib;
			sourceTree = "<group>";
		};
/* End PBXVariantGroup section */

/* Begin XCBuildConfiguration section */
		040623BE1C7E9989005653C1 /* Debug */ = {
			isa = XCBuildConfiguration;
			buildSettings = {
				ALWAYS_SEARCH_USER_PATHS = NO;
				CLANG_CXX_LANGUAGE_STANDARD = "gnu++0x";
				CLANG_CXX_LIBRARY = "libc++";
				CLANG_ENABLE_MODULES = YES;
				CLANG_ENABLE_OBJC_ARC = YES;
				CLANG_WARN_BOOL_CONVERSION = YES;
				CLANG_WARN_CONSTANT_CONVERSION = YES;
				CLANG_WARN_DIRECT_OBJC_ISA_USAGE = YES_ERROR;
				CLANG_WARN_EMPTY_BODY = YES;
				CLANG_WARN_ENUM_CONVERSION = YES;
				CLANG_WARN_INT_CONVERSION = YES;
				CLANG_WARN_OBJC_ROOT_CLASS = YES_ERROR;
				CLANG_WARN_UNREACHABLE_CODE = YES;
				CLANG_WARN__DUPLICATE_METHOD_MATCH = YES;
				"CODE_SIGN_IDENTITY[sdk=iphoneos*]" = "iPhone Developer";
				COPY_PHASE_STRIP = NO;
				DEBUG_INFORMATION_FORMAT = "dwarf-with-dsym";
				ENABLE_STRICT_OBJC_MSGSEND = YES;
				ENABLE_TESTABILITY = YES;
				GCC_C_LANGUAGE_STANDARD = gnu99;
				GCC_DYNAMIC_NO_PIC = NO;
				GCC_NO_COMMON_BLOCKS = YES;
				GCC_OPTIMIZATION_LEVEL = 0;
				GCC_PREPROCESSOR_DEFINITIONS = (
					"DEBUG=1",
					"$(inherited)",
				);
				GCC_SYMBOLS_PRIVATE_EXTERN = NO;
				GCC_WARN_64_TO_32_BIT_CONVERSION = YES;
				GCC_WARN_ABOUT_RETURN_TYPE = YES_ERROR;
				GCC_WARN_UNDECLARED_SELECTOR = YES;
				GCC_WARN_UNINITIALIZED_AUTOS = YES_AGGRESSIVE;
				GCC_WARN_UNUSED_FUNCTION = YES;
				GCC_WARN_UNUSED_VARIABLE = YES;
				IPHONEOS_DEPLOYMENT_TARGET = 8.4;
				MTL_ENABLE_DEBUG_INFO = YES;
				ONLY_ACTIVE_ARCH = YES;
				SDKROOT = iphoneos;
			};
			name = Debug;
		};
		040623BF1C7E9989005653C1 /* Release */ = {
			isa = XCBuildConfiguration;
			buildSettings = {
				ALWAYS_SEARCH_USER_PATHS = NO;
				CLANG_CXX_LANGUAGE_STANDARD = "gnu++0x";
				CLANG_CXX_LIBRARY = "libc++";
				CLANG_ENABLE_MODULES = YES;
				CLANG_ENABLE_OBJC_ARC = YES;
				CLANG_WARN_BOOL_CONVERSION = YES;
				CLANG_WARN_CONSTANT_CONVERSION = YES;
				CLANG_WARN_DIRECT_OBJC_ISA_USAGE = YES_ERROR;
				CLANG_WARN_EMPTY_BODY = YES;
				CLANG_WARN_ENUM_CONVERSION = YES;
				CLANG_WARN_INT_CONVERSION = YES;
				CLANG_WARN_OBJC_ROOT_CLASS = YES_ERROR;
				CLANG_WARN_UNREACHABLE_CODE = YES;
				CLANG_WARN__DUPLICATE_METHOD_MATCH = YES;
				"CODE_SIGN_IDENTITY[sdk=iphoneos*]" = "iPhone Developer";
				COPY_PHASE_STRIP = NO;
				DEBUG_INFORMATION_FORMAT = "dwarf-with-dsym";
				ENABLE_NS_ASSERTIONS = NO;
				ENABLE_STRICT_OBJC_MSGSEND = YES;
				GCC_C_LANGUAGE_STANDARD = gnu99;
				GCC_NO_COMMON_BLOCKS = YES;
				GCC_WARN_64_TO_32_BIT_CONVERSION = YES;
				GCC_WARN_ABOUT_RETURN_TYPE = YES_ERROR;
				GCC_WARN_UNDECLARED_SELECTOR = YES;
				GCC_WARN_UNINITIALIZED_AUTOS = YES_AGGRESSIVE;
				GCC_WARN_UNUSED_FUNCTION = YES;
				GCC_WARN_UNUSED_VARIABLE = YES;
				IPHONEOS_DEPLOYMENT_TARGET = 8.4;
				MTL_ENABLE_DEBUG_INFO = NO;
				SDKROOT = iphoneos;
				VALIDATE_PRODUCT = YES;
			};
			name = Release;
		};
		040623C11C7E9989005653C1 /* Debug */ = {
			isa = XCBuildConfiguration;
			baseConfigurationReference = 5E779CEE89A1CB6936C03263 /* Pods-HUPhotoBrowser Demo.debug.xcconfig */;
			buildSettings = {
				ASSETCATALOG_COMPILER_APPICON_NAME = AppIcon;
				CODE_SIGN_IDENTITY = "iPhone Developer";
				"CODE_SIGN_IDENTITY[sdk=iphoneos*]" = "iPhone Developer";
				INFOPLIST_FILE = "HUPhotoBrowser Demo/Info.plist";
				IPHONEOS_DEPLOYMENT_TARGET = 8.0;
				LD_RUNPATH_SEARCH_PATHS = "$(inherited) @executable_path/Frameworks";
				PRODUCT_BUNDLE_IDENTIFIER = "com.hujewelz.$(PRODUCT_NAME:rfc1034identifier)";
				PRODUCT_NAME = "$(TARGET_NAME)";
				PROVISIONING_PROFILE = "";
			};
			name = Debug;
		};
		040623C21C7E9989005653C1 /* Release */ = {
			isa = XCBuildConfiguration;
			baseConfigurationReference = 3F903672B8A30024BEB85314 /* Pods-HUPhotoBrowser Demo.release.xcconfig */;
			buildSettings = {
				ASSETCATALOG_COMPILER_APPICON_NAME = AppIcon;
				CODE_SIGN_IDENTITY = "iPhone Developer";
				"CODE_SIGN_IDENTITY[sdk=iphoneos*]" = "iPhone Developer";
				INFOPLIST_FILE = "HUPhotoBrowser Demo/Info.plist";
				IPHONEOS_DEPLOYMENT_TARGET = 8.0;
				LD_RUNPATH_SEARCH_PATHS = "$(inherited) @executable_path/Frameworks";
				PRODUCT_BUNDLE_IDENTIFIER = "com.hujewelz.$(PRODUCT_NAME:rfc1034identifier)";
				PRODUCT_NAME = "$(TARGET_NAME)";
				PROVISIONING_PROFILE = "";
			};
			name = Release;
		};
		040623C41C7E9989005653C1 /* Debug */ = {
			isa = XCBuildConfiguration;
			baseConfigurationReference = F1491B717433294000E08563 /* Pods-HUPhotoBrowser DemoTests.debug.xcconfig */;
			buildSettings = {
				BUNDLE_LOADER = "$(TEST_HOST)";
				FRAMEWORK_SEARCH_PATHS = (
					"$(SDKROOT)/Developer/Library/Frameworks",
					"$(inherited)",
				);
				GCC_PREPROCESSOR_DEFINITIONS = (
					"DEBUG=1",
					"$(inherited)",
				);
				INFOPLIST_FILE = "HUPhotoBrowser DemoTests/Info.plist";
				LD_RUNPATH_SEARCH_PATHS = "$(inherited) @executable_path/Frameworks @loader_path/Frameworks";
				PRODUCT_BUNDLE_IDENTIFIER = "com.hujewelz.$(PRODUCT_NAME:rfc1034identifier)";
				PRODUCT_NAME = "$(TARGET_NAME)";
				TEST_HOST = "$(BUILT_PRODUCTS_DIR)/HUPhotoBrowser Demo.app/HUPhotoBrowser Demo";
			};
			name = Debug;
		};
		040623C51C7E9989005653C1 /* Release */ = {
			isa = XCBuildConfiguration;
			baseConfigurationReference = E46B2F0916D241B35A9BD18C /* Pods-HUPhotoBrowser DemoTests.release.xcconfig */;
			buildSettings = {
				BUNDLE_LOADER = "$(TEST_HOST)";
				FRAMEWORK_SEARCH_PATHS = (
					"$(SDKROOT)/Developer/Library/Frameworks",
					"$(inherited)",
				);
				INFOPLIST_FILE = "HUPhotoBrowser DemoTests/Info.plist";
				LD_RUNPATH_SEARCH_PATHS = "$(inherited) @executable_path/Frameworks @loader_path/Frameworks";
				PRODUCT_BUNDLE_IDENTIFIER = "com.hujewelz.$(PRODUCT_NAME:rfc1034identifier)";
				PRODUCT_NAME = "$(TARGET_NAME)";
				TEST_HOST = "$(BUILT_PRODUCTS_DIR)/HUPhotoBrowser Demo.app/HUPhotoBrowser Demo";
			};
			name = Release;
		};
/* End XCBuildConfiguration section */

/* Begin XCConfigurationList section */
		040623981C7E9989005653C1 /* Build configuration list for PBXProject "HUPhotoBrowser Demo" */ = {
			isa = XCConfigurationList;
			buildConfigurations = (
				040623BE1C7E9989005653C1 /* Debug */,
				040623BF1C7E9989005653C1 /* Release */,
			);
			defaultConfigurationIsVisible = 0;
			defaultConfigurationName = Release;
		};
		040623C01C7E9989005653C1 /* Build configuration list for PBXNativeTarget "HUPhotoBrowser Demo" */ = {
			isa = XCConfigurationList;
			buildConfigurations = (
				040623C11C7E9989005653C1 /* Debug */,
				040623C21C7E9989005653C1 /* Release */,
			);
			defaultConfigurationIsVisible = 0;
			defaultConfigurationName = Release;
		};
		040623C31C7E9989005653C1 /* Build configuration list for PBXNativeTarget "HUPhotoBrowser DemoTests" */ = {
			isa = XCConfigurationList;
			buildConfigurations = (
				040623C41C7E9989005653C1 /* Debug */,
				040623C51C7E9989005653C1 /* Release */,
			);
			defaultConfigurationIsVisible = 0;
			defaultConfigurationName = Release;
		};
/* End XCConfigurationList section */
	};
	rootObject = 040623951C7E9989005653C1 /* Project object */;
}
